
Microsoft Visual Studio Solution File, Format Version 12.00
# Visual Studio Version 17
VisualStudioVersion = 17.10.35013.160
MinimumVisualStudioVersion = 10.0.40219.1
Project("{9A19103F-16F7-4668-BE54-9A1E7A4F7556}") = "PRL", "GUI\PRL.csproj", "{98F1ECCD-15D4-4AB5-BB96-3CEC463BF3B4}"
EndProject
Project("{FAE04EC0-301F-11D3-BF4B-00C04F79EFBC}") = "BUS", "BUS\BUS.csproj", "{3AD6568E-714D-4139-BA1F-66ECA124C44D}"
EndProject
Project("{FAE04EC0-301F-11D3-BF4B-00C04F79EFBC}") = "DAL", "DAL\DAL.csproj", "{DA33C29C-75A2-4536-B87D-04DF00E7B29D}"
EndProject
Global
	GlobalSection(SolutionConfigurationPlatforms) = preSolution
		Debug|Any CPU = Debug|Any CPU
		Release|Any CPU = Release|Any CPU
	EndGlobalSection
	GlobalSection(ProjectConfigurationPlatforms) = postSolution
		{98F1ECCD-15D4-4AB5-BB96-3CEC463BF3B4}.Debug|Any CPU.ActiveCfg = Debug|Any CPU
		{98F1ECCD-15D4-4AB5-BB96-3CEC463BF3B4}.Debug|Any CPU.Build.0 = Debug|Any CPU
		{98F1ECCD-15D4-4AB5-BB96-3CEC463BF3B4}.Release|Any CPU.ActiveCfg = Release|Any CPU
		{98F1ECCD-15D4-4AB5-BB96-3CEC463BF3B4}.Release|Any CPU.Build.0 = Release|Any CPU
		{3AD6568E-714D-4139-BA1F-66ECA124C44D}.Debug|Any CPU.ActiveCfg = Debug|Any CPU
		{3AD6568E-714D-4139-BA1F-66ECA124C44D}.Debug|Any CPU.Build.0 = Debug|Any CPU
		{3AD6568E-714D-4139-BA1F-66ECA124C44D}.Release|Any CPU.ActiveCfg = Release|Any CPU
		{3AD6568E-714D-4139-BA1F-66ECA124C44D}.Release|Any CPU.Build.0 = Release|Any CPU
		{DA33C29C-75A2-4536-B87D-04DF00E7B29D}.Debug|Any CPU.ActiveCfg = Debug|Any CPU
		{DA33C29C-75A2-4536-B87D-04DF00E7B29D}.Debug|Any CPU.Build.0 = Debug|Any CPU
		{DA33C29C-75A2-4536-B87D-04DF00E7B29D}.Release|Any CPU.ActiveCfg = Release|Any CPU
		{DA33C29C-75A2-4536-B87D-04DF00E7B29D}.Release|Any CPU.Build.0 = Release|Any CPU
	EndGlobalSection
	GlobalSection(SolutionProperties) = preSolution
		HideSolutionNode = FALSE
	EndGlobalSection
	GlobalSection(ExtensibilityGlobals) = postSolution
		SolutionGuid = {2FA9E4EF-40C7-408B-BD0E-19C62997A03A}
	EndGlobalSection
EndGlobal
